
Microsoft Visual Studio Solution File, Format Version 12.00
# Visual Studio Version 16
VisualStudioVersion = 16.0.30128.74
MinimumVisualStudioVersion = 10.0.40219.1
Project("{9A19103F-16F7-4668-BE54-9A1E7A4F7556}") = "Uni.Students.DataAccess", "Uni.Students.DataAccess\Uni.Students.DataAccess.csproj", "{A7663B20-01BF-4182-8747-952E97A5821A}"
EndProject
Project("{2150E333-8FDC-42A3-9474-1A3956D46DE8}") = "Uni.Students", "Uni.Students", "{B53F56FC-A355-435D-960D-D064A938C0AB}"
EndProject
Project("{2150E333-8FDC-42A3-9474-1A3956D46DE8}") = "Uni.Lectures", "Uni.Lectures", "{05BD27B4-0CD2-4259-85AB-BDD8CE06DF8D}"
EndProject
Project("{9A19103F-16F7-4668-BE54-9A1E7A4F7556}") = "Uni.Lectures.DataAccess", "Uni.Lectures.DataAccess\Uni.Lectures.DataAccess.csproj", "{893607F6-9094-49DB-A863-262D9F165CCA}"
EndProject
Project("{9A19103F-16F7-4668-BE54-9A1E7A4F7556}") = "Uni.Students.Domain", "Uni.Students.Domain\Uni.Students.Domain.csproj", "{BAB95BBA-105A-4C8D-ADA9-64292392F3CE}"
EndProject
Project("{2150E333-8FDC-42A3-9474-1A3956D46DE8}") = "Interfaces", "Interfaces", "{39CE3FC0-1062-4E48-95DA-B0AE2E0056C4}"
EndProject
Project("{9A19103F-16F7-4668-BE54-9A1E7A4F7556}") = "Uni.Core.Interfaces", "Uni.Core.Interfaces\Uni.Core.Interfaces.csproj", "{48856545-810A-421F-8057-44D86C99E437}"
EndProject
Project("{2150E333-8FDC-42A3-9474-1A3956D46DE8}") = "Uni.Subjects", "Uni.Subjects", "{C3D14191-178A-46AD-A10F-5871C4734A33}"
EndProject
Project("{9A19103F-16F7-4668-BE54-9A1E7A4F7556}") = "Uni.Subjects.DataAccess", "Uni.Subjects.DataAccess\Uni.Subjects.DataAccess.csproj", "{5FB4A36F-055A-4BF9-8DC1-E0199FEF1405}"
EndProject
Project("{9A19103F-16F7-4668-BE54-9A1E7A4F7556}") = "Uni.Subjects.Domain", "Uni.Subjects.Domain\Uni.Subjects.Domain.csproj", "{0D9780D5-92CB-4C29-B2BC-2E3E6B833A7D}"
EndProject
Project("{2150E333-8FDC-42A3-9474-1A3956D46DE8}") = "Uni.LectureTheatres", "Uni.LectureTheatres", "{09B91875-839C-4AAD-97FB-DC7790EA4A56}"
EndProject
Project("{9A19103F-16F7-4668-BE54-9A1E7A4F7556}") = "Uni.LectureTheatres.DataAccess", "Uni.LectureTheatres.DataAccess\Uni.LectureTheatres.DataAccess.csproj", "{96F62C79-F2CB-4A7C-AEBB-D0BE5E6140B2}"
EndProject
Project("{9A19103F-16F7-4668-BE54-9A1E7A4F7556}") = "Uni.LectureTheatres.Domain", "Uni.LectureTheatres.Domain\Uni.LectureTheatres.Domain.csproj", "{4DEFCDCA-9904-458E-B879-C0E72885AE0D}"
EndProject
Project("{9A19103F-16F7-4668-BE54-9A1E7A4F7556}") = "Uni.Lectures.Domain", "Uni.Lecture.Domain\Uni.Lectures.Domain.csproj", "{A9E87593-1139-44B1-9CE3-CEA1CB54328A}"
EndProject
Project("{9A19103F-16F7-4668-BE54-9A1E7A4F7556}") = "Uni.Students.API", "Uni.Students.API\Uni.Students.API.csproj", "{46A804A8-9C5C-4DCC-A361-A03EC99ACEE9}"
EndProject
Global
	GlobalSection(SolutionConfigurationPlatforms) = preSolution
		Debug|Any CPU = Debug|Any CPU
		Release|Any CPU = Release|Any CPU
	EndGlobalSection
	GlobalSection(ProjectConfigurationPlatforms) = postSolution
		{A7663B20-01BF-4182-8747-952E97A5821A}.Debug|Any CPU.ActiveCfg = Debug|Any CPU
		{A7663B20-01BF-4182-8747-952E97A5821A}.Debug|Any CPU.Build.0 = Debug|Any CPU
		{A7663B20-01BF-4182-8747-952E97A5821A}.Release|Any CPU.ActiveCfg = Release|Any CPU
		{A7663B20-01BF-4182-8747-952E97A5821A}.Release|Any CPU.Build.0 = Release|Any CPU
		{893607F6-9094-49DB-A863-262D9F165CCA}.Debug|Any CPU.ActiveCfg = Debug|Any CPU
		{893607F6-9094-49DB-A863-262D9F165CCA}.Debug|Any CPU.Build.0 = Debug|Any CPU
		{893607F6-9094-49DB-A863-262D9F165CCA}.Release|Any CPU.ActiveCfg = Release|Any CPU
		{893607F6-9094-49DB-A863-262D9F165CCA}.Release|Any CPU.Build.0 = Release|Any CPU
		{BAB95BBA-105A-4C8D-ADA9-64292392F3CE}.Debug|Any CPU.ActiveCfg = Debug|Any CPU
		{BAB95BBA-105A-4C8D-ADA9-64292392F3CE}.Debug|Any CPU.Build.0 = Debug|Any CPU
		{BAB95BBA-105A-4C8D-ADA9-64292392F3CE}.Release|Any CPU.ActiveCfg = Release|Any CPU
		{BAB95BBA-105A-4C8D-ADA9-64292392F3CE}.Release|Any CPU.Build.0 = Release|Any CPU
		{48856545-810A-421F-8057-44D86C99E437}.Debug|Any CPU.ActiveCfg = Debug|Any CPU
		{48856545-810A-421F-8057-44D86C99E437}.Debug|Any CPU.Build.0 = Debug|Any CPU
		{48856545-810A-421F-8057-44D86C99E437}.Release|Any CPU.ActiveCfg = Release|Any CPU
		{48856545-810A-421F-8057-44D86C99E437}.Release|Any CPU.Build.0 = Release|Any CPU
		{5FB4A36F-055A-4BF9-8DC1-E0199FEF1405}.Debug|Any CPU.ActiveCfg = Debug|Any CPU
		{5FB4A36F-055A-4BF9-8DC1-E0199FEF1405}.Debug|Any CPU.Build.0 = Debug|Any CPU
		{5FB4A36F-055A-4BF9-8DC1-E0199FEF1405}.Release|Any CPU.ActiveCfg = Release|Any CPU
		{5FB4A36F-055A-4BF9-8DC1-E0199FEF1405}.Release|Any CPU.Build.0 = Release|Any CPU
		{0D9780D5-92CB-4C29-B2BC-2E3E6B833A7D}.Debug|Any CPU.ActiveCfg = Debug|Any CPU
		{0D9780D5-92CB-4C29-B2BC-2E3E6B833A7D}.Debug|Any CPU.Build.0 = Debug|Any CPU
		{0D9780D5-92CB-4C29-B2BC-2E3E6B833A7D}.Release|Any CPU.ActiveCfg = Release|Any CPU
		{0D9780D5-92CB-4C29-B2BC-2E3E6B833A7D}.Release|Any CPU.Build.0 = Release|Any CPU
		{96F62C79-F2CB-4A7C-AEBB-D0BE5E6140B2}.Debug|Any CPU.ActiveCfg = Debug|Any CPU
		{96F62C79-F2CB-4A7C-AEBB-D0BE5E6140B2}.Debug|Any CPU.Build.0 = Debug|Any CPU
		{96F62C79-F2CB-4A7C-AEBB-D0BE5E6140B2}.Release|Any CPU.ActiveCfg = Release|Any CPU
		{96F62C79-F2CB-4A7C-AEBB-D0BE5E6140B2}.Release|Any CPU.Build.0 = Release|Any CPU
		{4DEFCDCA-9904-458E-B879-C0E72885AE0D}.Debug|Any CPU.ActiveCfg = Debug|Any CPU
		{4DEFCDCA-9904-458E-B879-C0E72885AE0D}.Debug|Any CPU.Build.0 = Debug|Any CPU
		{4DEFCDCA-9904-458E-B879-C0E72885AE0D}.Release|Any CPU.ActiveCfg = Release|Any CPU
		{4DEFCDCA-9904-458E-B879-C0E72885AE0D}.Release|Any CPU.Build.0 = Release|Any CPU
		{A9E87593-1139-44B1-9CE3-CEA1CB54328A}.Debug|Any CPU.ActiveCfg = Debug|Any CPU
		{A9E87593-1139-44B1-9CE3-CEA1CB54328A}.Debug|Any CPU.Build.0 = Debug|Any CPU
		{A9E87593-1139-44B1-9CE3-CEA1CB54328A}.Release|Any CPU.ActiveCfg = Release|Any CPU
		{A9E87593-1139-44B1-9CE3-CEA1CB54328A}.Release|Any CPU.Build.0 = Release|Any CPU
		{46A804A8-9C5C-4DCC-A361-A03EC99ACEE9}.Debug|Any CPU.ActiveCfg = Debug|Any CPU
		{46A804A8-9C5C-4DCC-A361-A03EC99ACEE9}.Debug|Any CPU.Build.0 = Debug|Any CPU
		{46A804A8-9C5C-4DCC-A361-A03EC99ACEE9}.Release|Any CPU.ActiveCfg = Release|Any CPU
		{46A804A8-9C5C-4DCC-A361-A03EC99ACEE9}.Release|Any CPU.Build.0 = Release|Any CPU
	EndGlobalSection
	GlobalSection(SolutionProperties) = preSolution
		HideSolutionNode = FALSE
	EndGlobalSection
	GlobalSection(NestedProjects) = preSolution
		{A7663B20-01BF-4182-8747-952E97A5821A} = {B53F56FC-A355-435D-960D-D064A938C0AB}
		{893607F6-9094-49DB-A863-262D9F165CCA} = {05BD27B4-0CD2-4259-85AB-BDD8CE06DF8D}
		{BAB95BBA-105A-4C8D-ADA9-64292392F3CE} = {B53F56FC-A355-435D-960D-D064A938C0AB}
		{48856545-810A-421F-8057-44D86C99E437} = {39CE3FC0-1062-4E48-95DA-B0AE2E0056C4}
		{5FB4A36F-055A-4BF9-8DC1-E0199FEF1405} = {C3D14191-178A-46AD-A10F-5871C4734A33}
		{0D9780D5-92CB-4C29-B2BC-2E3E6B833A7D} = {C3D14191-178A-46AD-A10F-5871C4734A33}
		{96F62C79-F2CB-4A7C-AEBB-D0BE5E6140B2} = {09B91875-839C-4AAD-97FB-DC7790EA4A56}
		{4DEFCDCA-9904-458E-B879-C0E72885AE0D} = {09B91875-839C-4AAD-97FB-DC7790EA4A56}
		{A9E87593-1139-44B1-9CE3-CEA1CB54328A} = {05BD27B4-0CD2-4259-85AB-BDD8CE06DF8D}
		{46A804A8-9C5C-4DCC-A361-A03EC99ACEE9} = {B53F56FC-A355-435D-960D-D064A938C0AB}
	EndGlobalSection
	GlobalSection(ExtensibilityGlobals) = postSolution
		SolutionGuid = {947FC9B9-8579-4449-8EC3-9183CA84D6B2}
	EndGlobalSection
EndGlobal
